// !$*UTF8*$!
{
	archiveVersion = 1;
	classes = {
	};
	objectVersion = 50;
	objects = {

/* Begin PBXBuildFile section */
		2BEC9AFC20C577D8004DD326 /* Weapon.swift in Sources */ = {isa = PBXBuildFile; fileRef = 2BEC9AFB20C577D8004DD326 /* Weapon.swift */; };
		2BEC9AFE20C57898004DD326 /* Monster.swift in Sources */ = {isa = PBXBuildFile; fileRef = 2BEC9AFD20C57898004DD326 /* Monster.swift */; };
		2BEC9B0020C57AC9004DD326 /* RealmSchemaListViewController.swift in Sources */ = {isa = PBXBuildFile; fileRef = 2BEC9AFF20C57AC9004DD326 /* RealmSchemaListViewController.swift */; };
		2BEC9B0220C57E82004DD326 /* RealmSchemaViewController.swift in Sources */ = {isa = PBXBuildFile; fileRef = 2BEC9B0120C57E82004DD326 /* RealmSchemaViewController.swift */; };
		2BEC9B0420C57FE6004DD326 /* SubTitleCell.swift in Sources */ = {isa = PBXBuildFile; fileRef = 2BEC9B0320C57FE6004DD326 /* SubTitleCell.swift */; };
		2BEC9B0620C58108004DD326 /* ObjectSchema+Ex.swift in Sources */ = {isa = PBXBuildFile; fileRef = 2BEC9B0520C58108004DD326 /* ObjectSchema+Ex.swift */; };
		2BECE57620C576480068AAF3 /* AppDelegate.swift in Sources */ = {isa = PBXBuildFile; fileRef = 2BECE57520C576480068AAF3 /* AppDelegate.swift */; };
		2BECE57820C576480068AAF3 /* ViewController.swift in Sources */ = {isa = PBXBuildFile; fileRef = 2BECE57720C576480068AAF3 /* ViewController.swift */; };
		2BECE57B20C576480068AAF3 /* Main.storyboard in Resources */ = {isa = PBXBuildFile; fileRef = 2BECE57920C576480068AAF3 /* Main.storyboard */; };
		2BECE57D20C5764A0068AAF3 /* Assets.xcassets in Resources */ = {isa = PBXBuildFile; fileRef = 2BECE57C20C5764A0068AAF3 /* Assets.xcassets */; };
		2BECE58020C5764A0068AAF3 /* LaunchScreen.storyboard in Resources */ = {isa = PBXBuildFile; fileRef = 2BECE57E20C5764A0068AAF3 /* LaunchScreen.storyboard */; };
		8E9F02EAEAD3DEAE0B2360F8 /* Pods_realm_browser.framework in Frameworks */ = {isa = PBXBuildFile; fileRef = B0D687D89615544D22EAE5EB /* Pods_realm_browser.framework */; };
/* End PBXBuildFile section */

/* Begin PBXFileReference section */
		02B748AF47F65E75F7219D3A /* Pods-realm-browser.debug.xcconfig */ = {isa = PBXFileReference; includeInIndex = 1; lastKnownFileType = text.xcconfig; name = "Pods-realm-browser.debug.xcconfig"; path = "Pods/Target Support Files/Pods-realm-browser/Pods-realm-browser.debug.xcconfig"; sourceTree = "<group>"; };
		2BEC9AFB20C577D8004DD326 /* Weapon.swift */ = {isa = PBXFileReference; lastKnownFileType = sourcecode.swift; path = Weapon.swift; sourceTree = "<group>"; };
		2BEC9AFD20C57898004DD326 /* Monster.swift */ = {isa = PBXFileReference; lastKnownFileType = sourcecode.swift; path = Monster.swift; sourceTree = "<group>"; };
		2BEC9AFF20C57AC9004DD326 /* RealmSchemaListViewController.swift */ = {isa = PBXFileReference; lastKnownFileType = sourcecode.swift; path = RealmSchemaListViewController.swift; sourceTree = "<group>"; };
		2BEC9B0120C57E82004DD326 /* RealmSchemaViewController.swift */ = {isa = PBXFileReference; lastKnownFileType = sourcecode.swift; path = RealmSchemaViewController.swift; sourceTree = "<group>"; };
		2BEC9B0320C57FE6004DD326 /* SubTitleCell.swift */ = {isa = PBXFileReference; lastKnownFileType = sourcecode.swift; path = SubTitleCell.swift; sourceTree = "<group>"; };
		2BEC9B0520C58108004DD326 /* ObjectSchema+Ex.swift */ = {isa = PBXFileReference; lastKnownFileType = sourcecode.swift; path = "ObjectSchema+Ex.swift"; sourceTree = "<group>"; };
		2BECE57220C576480068AAF3 /* realm-browser.app */ = {isa = PBXFileReference; explicitFileType = wrapper.application; includeInIndex = 0; path = "realm-browser.app"; sourceTree = BUILT_PRODUCTS_DIR; };
		2BECE57520C576480068AAF3 /* AppDelegate.swift */ = {isa = PBXFileReference; lastKnownFileType = sourcecode.swift; path = AppDelegate.swift; sourceTree = "<group>"; };
		2BECE57720C576480068AAF3 /* ViewController.swift */ = {isa = PBXFileReference; lastKnownFileType = sourcecode.swift; path = ViewController.swift; sourceTree = "<group>"; };
		2BECE57A20C576480068AAF3 /* Base */ = {isa = PBXFileReference; lastKnownFileType = file.storyboard; name = Base; path = Base.lproj/Main.storyboard; sourceTree = "<group>"; };
		2BECE57C20C5764A0068AAF3 /* Assets.xcassets */ = {isa = PBXFileReference; lastKnownFileType = folder.assetcatalog; path = Assets.xcassets; sourceTree = "<group>"; };
		2BECE57F20C5764A0068AAF3 /* Base */ = {isa = PBXFileReference; lastKnownFileType = file.storyboard; name = Base; path = Base.lproj/LaunchScreen.storyboard; sourceTree = "<group>"; };
		2BECE58120C5764A0068AAF3 /* Info.plist */ = {isa = PBXFileReference; lastKnownFileType = text.plist.xml; path = Info.plist; sourceTree = "<group>"; };
		7FAA58A4293D0B9428142AE4 /* Pods-realm-browser.release.xcconfig */ = {isa = PBXFileReference; includeInIndex = 1; lastKnownFileType = text.xcconfig; name = "Pods-realm-browser.release.xcconfig"; path = "Pods/Target Support Files/Pods-realm-browser/Pods-realm-browser.release.xcconfig"; sourceTree = "<group>"; };
		B0D687D89615544D22EAE5EB /* Pods_realm_browser.framework */ = {isa = PBXFileReference; explicitFileType = wrapper.framework; includeInIndex = 0; path = Pods_realm_browser.framework; sourceTree = BUILT_PRODUCTS_DIR; };
/* End PBXFileReference section */

/* Begin PBXFrameworksBuildPhase section */
		2BECE56F20C576480068AAF3 /* Frameworks */ = {
			isa = PBXFrameworksBuildPhase;
			buildActionMask = 2147483647;
			files = (
				8E9F02EAEAD3DEAE0B2360F8 /* Pods_realm_browser.framework in Frameworks */,
			);
			runOnlyForDeploymentPostprocessing = 0;
		};
/* End PBXFrameworksBuildPhase section */

/* Begin PBXGroup section */
		2BEC9AFA20C576CE004DD326 /* RealmBrowser */ = {
			isa = PBXGroup;
			children = (
				2BEC9AFF20C57AC9004DD326 /* RealmSchemaListViewController.swift */,
				2BEC9B0120C57E82004DD326 /* RealmSchemaViewController.swift */,
				2BEC9B0320C57FE6004DD326 /* SubTitleCell.swift */,
				2BEC9B0520C58108004DD326 /* ObjectSchema+Ex.swift */,
			);
			path = RealmBrowser;
			sourceTree = "<group>";
		};
		2BECE56920C576480068AAF3 = {
			isa = PBXGroup;
			children = (
				2BECE57420C576480068AAF3 /* realm-browser */,
				2BECE57320C576480068AAF3 /* Products */,
				F0FD3F9B304B666F14342B1F /* Pods */,
				A358B6D46D05895D198AECE1 /* Frameworks */,
			);
			sourceTree = "<group>";
		};
		2BECE57320C576480068AAF3 /* Products */ = {
			isa = PBXGroup;
			children = (
				2BECE57220C576480068AAF3 /* realm-browser.app */,
			);
			name = Products;
			sourceTree = "<group>";
		};
		2BECE57420C576480068AAF3 /* realm-browser */ = {
			isa = PBXGroup;
			children = (
				2BEC9AFA20C576CE004DD326 /* RealmBrowser */,
				2BECE57520C576480068AAF3 /* AppDelegate.swift */,
				2BECE57720C576480068AAF3 /* ViewController.swift */,
				2BECE57920C576480068AAF3 /* Main.storyboard */,
				2BECE57C20C5764A0068AAF3 /* Assets.xcassets */,
				2BECE57E20C5764A0068AAF3 /* LaunchScreen.storyboard */,
				2BECE58120C5764A0068AAF3 /* Info.plist */,
				2BEC9AFB20C577D8004DD326 /* Weapon.swift */,
				2BEC9AFD20C57898004DD326 /* Monster.swift */,
			);
			path = "realm-browser";
			sourceTree = "<group>";
		};
		A358B6D46D05895D198AECE1 /* Frameworks */ = {
			isa = PBXGroup;
			children = (
				B0D687D89615544D22EAE5EB /* Pods_realm_browser.framework */,
			);
			name = Frameworks;
			sourceTree = "<group>";
		};
		F0FD3F9B304B666F14342B1F /* Pods */ = {
			isa = PBXGroup;
			children = (
				02B748AF47F65E75F7219D3A /* Pods-realm-browser.debug.xcconfig */,
				7FAA58A4293D0B9428142AE4 /* Pods-realm-browser.release.xcconfig */,
			);
			name = Pods;
			sourceTree = "<group>";
		};
/* End PBXGroup section */

/* Begin PBXNativeTarget section */
		2BECE57120C576480068AAF3 /* realm-browser */ = {
			isa = PBXNativeTarget;
			buildConfigurationList = 2BECE58420C5764A0068AAF3 /* Build configuration list for PBXNativeTarget "realm-browser" */;
			buildPhases = (
				DF06E40EF7C539FE3F6AD37F /* [CP] Check Pods Manifest.lock */,
				2BECE56E20C576480068AAF3 /* Sources */,
				2BECE56F20C576480068AAF3 /* Frameworks */,
				2BECE57020C576480068AAF3 /* Resources */,
				9BB22119E5057D2EC908833D /* [CP] Embed Pods Frameworks */,
			);
			buildRules = (
			);
			dependencies = (
			);
			name = "realm-browser";
			productName = "realm-browser";
			productReference = 2BECE57220C576480068AAF3 /* realm-browser.app */;
			productType = "com.apple.product-type.application";
		};
/* End PBXNativeTarget section */

/* Begin PBXProject section */
		2BECE56A20C576480068AAF3 /* Project object */ = {
			isa = PBXProject;
			attributes = {
				LastSwiftUpdateCheck = 0940;
				LastUpgradeCheck = 0940;
				ORGANIZATIONNAME = anz;
				TargetAttributes = {
					2BECE57120C576480068AAF3 = {
						CreatedOnToolsVersion = 9.4;
					};
				};
			};
			buildConfigurationList = 2BECE56D20C576480068AAF3 /* Build configuration list for PBXProject "realm-browser" */;
			compatibilityVersion = "Xcode 9.3";
			developmentRegion = en;
			hasScannedForEncodings = 0;
			knownRegions = (
				en,
				Base,
			);
			mainGroup = 2BECE56920C576480068AAF3;
			productRefGroup = 2BECE57320C576480068AAF3 /* Products */;
			projectDirPath = "";
			projectRoot = "";
			targets = (
				2BECE57120C576480068AAF3 /* realm-browser */,
			);
		};
/* End PBXProject section */

/* Begin PBXResourcesBuildPhase section */
		2BECE57020C576480068AAF3 /* Resources */ = {
			isa = PBXResourcesBuildPhase;
			buildActionMask = 2147483647;
			files = (
				2BECE58020C5764A0068AAF3 /* LaunchScreen.storyboard in Resources */,
				2BECE57D20C5764A0068AAF3 /* Assets.xcassets in Resources */,
				2BECE57B20C576480068AAF3 /* Main.storyboard in Resources */,
			);
			runOnlyForDeploymentPostprocessing = 0;
		};
/* End PBXResourcesBuildPhase section */

/* Begin PBXShellScriptBuildPhase section */
		9BB22119E5057D2EC908833D /* [CP] Embed Pods Frameworks */ = {
			isa = PBXShellScriptBuildPhase;
			buildActionMask = 2147483647;
			files = (
			);
			inputPaths = (
				"${SRCROOT}/Pods/Target Support Files/Pods-realm-browser/Pods-realm-browser-frameworks.sh",
				"${BUILT_PRODUCTS_DIR}/Realm/Realm.framework",
				"${BUILT_PRODUCTS_DIR}/RealmSwift/RealmSwift.framework",
			);
			name = "[CP] Embed Pods Frameworks";
			outputPaths = (
				"${TARGET_BUILD_DIR}/${FRAMEWORKS_FOLDER_PATH}/Realm.framework",
				"${TARGET_BUILD_DIR}/${FRAMEWORKS_FOLDER_PATH}/RealmSwift.framework",
			);
			runOnlyForDeploymentPostprocessing = 0;
			shellPath = /bin/sh;
			shellScript = "\"${SRCROOT}/Pods/Target Support Files/Pods-realm-browser/Pods-realm-browser-frameworks.sh\"\n";
			showEnvVarsInLog = 0;
		};
		DF06E40EF7C539FE3F6AD37F /* [CP] Check Pods Manifest.lock */ = {
			isa = PBXShellScriptBuildPhase;
			buildActionMask = 2147483647;
			files = (
			);
			inputPaths = (
				"${PODS_PODFILE_DIR_PATH}/Podfile.lock",
				"${PODS_ROOT}/Manifest.lock",
			);
			name = "[CP] Check Pods Manifest.lock";
			outputPaths = (
				"$(DERIVED_FILE_DIR)/Pods-realm-browser-checkManifestLockResult.txt",
			);
			runOnlyForDeploymentPostprocessing = 0;
			shellPath = /bin/sh;
			shellScript = "diff \"${PODS_PODFILE_DIR_PATH}/Podfile.lock\" \"${PODS_ROOT}/Manifest.lock\" > /dev/null\nif [ $? != 0 ] ; then\n    # print error to STDERR\n    echo \"error: The sandbox is not in sync with the Podfile.lock. Run 'pod install' or update your CocoaPods installation.\" >&2\n    exit 1\nfi\n# This output is used by Xcode 'outputs' to avoid re-running this script phase.\necho \"SUCCESS\" > \"${SCRIPT_OUTPUT_FILE_0}\"\n";
			showEnvVarsInLog = 0;
		};
/* End PBXShellScriptBuildPhase section */

/* Begin PBXSourcesBuildPhase section */
		2BECE56E20C576480068AAF3 /* Sources */ = {
			isa = PBXSourcesBuildPhase;
			buildActionMask = 2147483647;
			files = (
				2BEC9AFE20C57898004DD326 /* Monster.swift in Sources */,
				2BECE57820C576480068AAF3 /* ViewController.swift in Sources */,
				2BEC9B0020C57AC9004DD326 /* RealmSchemaListViewController.swift in Sources */,
				2BEC9B0220C57E82004DD326 /* RealmSchemaViewController.swift in Sources */,
				2BECE57620C576480068AAF3 /* AppDelegate.swift in Sources */,
				2BEC9AFC20C577D8004DD326 /* Weapon.swift in Sources */,
				2BEC9B0620C58108004DD326 /* ObjectSchema+Ex.swift in Sources */,
				2BEC9B0420C57FE6004DD326 /* SubTitleCell.swift in Sources */,
			);
			runOnlyForDeploymentPostprocessing = 0;
		};
/* End PBXSourcesBuildPhase section */

/* Begin PBXVariantGroup section */
		2BECE57920C576480068AAF3 /* Main.storyboard */ = {
			isa = PBXVariantGroup;
			children = (
				2BECE57A20C576480068AAF3 /* Base */,
			);
			name = Main.storyboard;
			sourceTree = "<group>";
		};
		2BECE57E20C5764A0068AAF3 /* LaunchScreen.storyboard */ = {
			isa = PBXVariantGroup;
			children = (
				2BECE57F20C5764A0068AAF3 /* Base */,
			);
			name = LaunchScreen.storyboard;
			sourceTree = "<group>";
		};
/* End PBXVariantGroup section */

/* Begin XCBuildConfiguration section */
		2BECE58220C5764A0068AAF3 /* Debug */ = {
			isa = XCBuildConfiguration;
			buildSettings = {
				ALWAYS_SEARCH_USER_PATHS = NO;
				CLANG_ANALYZER_NONNULL = YES;
				CLANG_ANALYZER_NUMBER_OBJECT_CONVERSION = YES_AGGRESSIVE;
				CLANG_CXX_LANGUAGE_STANDARD = "gnu++14";
				CLANG_CXX_LIBRARY = "libc++";
				CLANG_ENABLE_MODULES = YES;
				CLANG_ENABLE_OBJC_ARC = YES;
				CLANG_ENABLE_OBJC_WEAK = YES;
				CLANG_WARN_BLOCK_CAPTURE_AUTORELEASING = YES;
				CLANG_WARN_BOOL_CONVERSION = YES;
				CLANG_WARN_COMMA = YES;
				CLANG_WARN_CONSTANT_CONVERSION = YES;
				CLANG_WARN_DEPRECATED_OBJC_IMPLEMENTATIONS = YES;
				CLANG_WARN_DIRECT_OBJC_ISA_USAGE = YES_ERROR;
				CLANG_WARN_DOCUMENTATION_COMMENTS = YES;
				CLANG_WARN_EMPTY_BODY = YES;
				CLANG_WARN_ENUM_CONVERSION = YES;
				CLANG_WARN_INFINITE_RECURSION = YES;
				CLANG_WARN_INT_CONVERSION = YES;
				CLANG_WARN_NON_LITERAL_NULL_CONVERSION = YES;
				CLANG_WARN_OBJC_IMPLICIT_RETAIN_SELF = YES;
				CLANG_WARN_OBJC_LITERAL_CONVERSION = YES;
				CLANG_WARN_OBJC_ROOT_CLASS = YES_ERROR;
				CLANG_WARN_RANGE_LOOP_ANALYSIS = YES;
				CLANG_WARN_STRICT_PROTOTYPES = YES;
				CLANG_WARN_SUSPICIOUS_MOVE = YES;
				CLANG_WARN_UNGUARDED_AVAILABILITY = YES_AGGRESSIVE;
				CLANG_WARN_UNREACHABLE_CODE = YES;
				CLANG_WARN__DUPLICATE_METHOD_MATCH = YES;
				CODE_SIGN_IDENTITY = "iPhone Developer";
				COPY_PHASE_STRIP = NO;
				DEBUG_INFORMATION_FORMAT = dwarf;
				ENABLE_STRICT_OBJC_MSGSEND = YES;
				ENABLE_TESTABILITY = YES;
				GCC_C_LANGUAGE_STANDARD = gnu11;
				GCC_DYNAMIC_NO_PIC = NO;
				GCC_NO_COMMON_BLOCKS = YES;
				GCC_OPTIMIZATION_LEVEL = 0;
				GCC_PREPROCESSOR_DEFINITIONS = (
					"DEBUG=1",
					"$(inherited)",
				);
				GCC_WARN_64_TO_32_BIT_CONVERSION = YES;
				GCC_WARN_ABOUT_RETURN_TYPE = YES_ERROR;
				GCC_WARN_UNDECLARED_SELECTOR = YES;
				GCC_WARN_UNINITIALIZED_AUTOS = YES_AGGRESSIVE;
				GCC_WARN_UNUSED_FUNCTION = YES;
				GCC_WARN_UNUSED_VARIABLE = YES;
				IPHONEOS_DEPLOYMENT_TARGET = 11.4;
				MTL_ENABLE_DEBUG_INFO = YES;
				ONLY_ACTIVE_ARCH = YES;
				SDKROOT = iphoneos;
				SWIFT_ACTIVE_COMPILATION_CONDITIONS = DEBUG;
				SWIFT_OPTIMIZATION_LEVEL = "-Onone";
			};
			name = Debug;
		};
		2BECE58320C5764A0068AAF3 /* Release */ = {
			isa = XCBuildConfiguration;
			buildSettings = {
				ALWAYS_SEARCH_USER_PATHS = NO;
				CLANG_ANALYZER_NONNULL = YES;
				CLANG_ANALYZER_NUMBER_OBJECT_CONVERSION = YES_AGGRESSIVE;
				CLANG_CXX_LANGUAGE_STANDARD = "gnu++14";
				CLANG_CXX_LIBRARY = "libc++";
				CLANG_ENABLE_MODULES = YES;
				CLANG_ENABLE_OBJC_ARC = YES;
				CLANG_ENABLE_OBJC_WEAK = YES;
				CLANG_WARN_BLOCK_CAPTURE_AUTORELEASING = YES;
				CLANG_WARN_BOOL_CONVERSION = YES;
				CLANG_WARN_COMMA = YES;
				CLANG_WARN_CONSTANT_CONVERSION = YES;
				CLANG_WARN_DEPRECATED_OBJC_IMPLEMENTATIONS = YES;
				CLANG_WARN_DIRECT_OBJC_ISA_USAGE = YES_ERROR;
				CLANG_WARN_DOCUMENTATION_COMMENTS = YES;
				CLANG_WARN_EMPTY_BODY = YES;
				CLANG_WARN_ENUM_CONVERSION = YES;
				CLANG_WARN_INFINITE_RECURSION = YES;
				CLANG_WARN_INT_CONVERSION = YES;
				CLANG_WARN_NON_LITERAL_NULL_CONVERSION = YES;
				CLANG_WARN_OBJC_IMPLICIT_RETAIN_SELF = YES;
				CLANG_WARN_OBJC_LITERAL_CONVERSION = YES;
				CLANG_WARN_OBJC_ROOT_CLASS = YES_ERROR;
				CLANG_WARN_RANGE_LOOP_ANALYSIS = YES;
				CLANG_WARN_STRICT_PROTOTYPES = YES;
				CLANG_WARN_SUSPICIOUS_MOVE = YES;
				CLANG_WARN_UNGUARDED_AVAILABILITY = YES_AGGRESSIVE;
				CLANG_WARN_UNREACHABLE_CODE = YES;
				CLANG_WARN__DUPLICATE_METHOD_MATCH = YES;
				CODE_SIGN_IDENTITY = "iPhone Developer";
				COPY_PHASE_STRIP = NO;
				DEBUG_INFORMATION_FORMAT = "dwarf-with-dsym";
				ENABLE_NS_ASSERTIONS = NO;
				ENABLE_STRICT_OBJC_MSGSEND = YES;
				GCC_C_LANGUAGE_STANDARD = gnu11;
				GCC_NO_COMMON_BLOCKS = YES;
				GCC_WARN_64_TO_32_BIT_CONVERSION = YES;
				GCC_WARN_ABOUT_RETURN_TYPE = YES_ERROR;
				GCC_WARN_UNDECLARED_SELECTOR = YES;
				GCC_WARN_UNINITIALIZED_AUTOS = YES_AGGRESSIVE;
				GCC_WARN_UNUSED_FUNCTION = YES;
				GCC_WARN_UNUSED_VARIABLE = YES;
				IPHONEOS_DEPLOYMENT_TARGET = 11.4;
				MTL_ENABLE_DEBUG_INFO = NO;
				SDKROOT = iphoneos;
				SWIFT_COMPILATION_MODE = wholemodule;
				SWIFT_OPTIMIZATION_LEVEL = "-O";
				VALIDATE_PRODUCT = YES;
			};
			name = Release;
		};
		2BECE58520C5764A0068AAF3 /* Debug */ = {
			isa = XCBuildConfiguration;
			baseConfigurationReference = 02B748AF47F65E75F7219D3A /* Pods-realm-browser.debug.xcconfig */;
			buildSettings = {
				ASSETCATALOG_COMPILER_APPICON_NAME = AppIcon;
				CODE_SIGN_STYLE = Automatic;
				DEVELOPMENT_TEAM = L2JKAT4K4R;
				INFOPLIST_FILE = "realm-browser/Info.plist";
				LD_RUNPATH_SEARCH_PATHS = (
					"$(inherited)",
					"@executable_path/Frameworks",
				);
				PRODUCT_BUNDLE_IDENTIFIER = "xyz.anzfactory.realm-browser";
				PRODUCT_NAME = "$(TARGET_NAME)";
				SWIFT_VERSION = 4.0;
				TARGETED_DEVICE_FAMILY = "1,2";
			};
			name = Debug;
		};
		2BECE58620C5764A0068AAF3 /* Release */ = {
			isa = XCBuildConfiguration;
			baseConfigurationReference = 7FAA58A4293D0B9428142AE4 /* Pods-realm-browser.release.xcconfig */;
			buildSettings = {
				ASSETCATALOG_COMPILER_APPICON_NAME = AppIcon;
				CODE_SIGN_STYLE = Automatic;
				DEVELOPMENT_TEAM = L2JKAT4K4R;
				INFOPLIST_FILE = "realm-browser/Info.plist";
				LD_RUNPATH_SEARCH_PATHS = (
					"$(inherited)",
					"@executable_path/Frameworks",
				);
				PRODUCT_BUNDLE_IDENTIFIER = "xyz.anzfactory.realm-browser";
				PRODUCT_NAME = "$(TARGET_NAME)";
				SWIFT_VERSION = 4.0;
				TARGETED_DEVICE_FAMILY = "1,2";
			};
			name = Release;
		};
/* End XCBuildConfiguration section */

/* Begin XCConfigurationList section */
		2BECE56D20C576480068AAF3 /* Build configuration list for PBXProject "realm-browser" */ = {
			isa = XCConfigurationList;
			buildConfigurations = (
				2BECE58220C5764A0068AAF3 /* Debug */,
				2BECE58320C5764A0068AAF3 /* Release */,
			);
			defaultConfigurationIsVisible = 0;
			defaultConfigurationName = Release;
		};
		2BECE58420C5764A0068AAF3 /* Build configuration list for PBXNativeTarget "realm-browser" */ = {
			isa = XCConfigurationList;
			buildConfigurations = (
				2BECE58520C5764A0068AAF3 /* Debug */,
				2BECE58620C5764A0068AAF3 /* Release */,
			);
			defaultConfigurationIsVisible = 0;
			defaultConfigurationName = Release;
		};
/* End XCConfigurationList section */
	};
	rootObject = 2BECE56A20C576480068AAF3 /* Project object */;
}
